
Microsoft Visual Studio Solution File, Format Version 12.00
# Visual Studio 15
VisualStudioVersion = 15.0.28307.329
MinimumVisualStudioVersion = 10.0.40219.1
Project("{FAE04EC0-301F-11D3-BF4B-00C04F79EFBC}") = "TreehouseTest", "TreehouseTest\TreehouseTest.csproj", "{FFE96DF7-364C-429C-80D3-1DEE8E8E89BD}"
EndProject
Global
	GlobalSection(SolutionConfigurationPlatforms) = preSolution
		Debug|Any CPU = Debug|Any CPU
		Release|Any CPU = Release|Any CPU
	EndGlobalSection
	GlobalSection(ProjectConfigurationPlatforms) = postSolution
		{FFE96DF7-364C-429C-80D3-1DEE8E8E89BD}.Debug|Any CPU.ActiveCfg = Debug|Any CPU
		{FFE96DF7-364C-429C-80D3-1DEE8E8E89BD}.Debug|Any CPU.Build.0 = Debug|Any CPU
		{FFE96DF7-364C-429C-80D3-1DEE8E8E89BD}.Release|Any CPU.ActiveCfg = Release|Any CPU
		{FFE96DF7-364C-429C-80D3-1DEE8E8E89BD}.Release|Any CPU.Build.0 = Release|Any CPU
	EndGlobalSection
	GlobalSection(SolutionProperties) = preSolution
		HideSolutionNode = FALSE
	EndGlobalSection
	GlobalSection(ExtensibilityGlobals) = postSolution
		SolutionGuid = {583559C5-97E5-42B4-AC29-21650A112EE7}
	EndGlobalSection
EndGlobal
